
Microsoft Visual Studio Solution File, Format Version 12.00
# Visual Studio Version 17
VisualStudioVersion = 17.4.33205.214
MinimumVisualStudioVersion = 10.0.40219.1
Project("{FAE04EC0-301F-11D3-BF4B-00C04F79EFBC}") = "Employee", "Employee\Employee.csproj", "{C25A1F74-4BCD-42DC-B3B9-0338D5921023}"
EndProject
Global
	GlobalSection(SolutionConfigurationPlatforms) = preSolution
		Debug|Any CPU = Debug|Any CPU
		Release|Any CPU = Release|Any CPU
	EndGlobalSection
	GlobalSection(ProjectConfigurationPlatforms) = postSolution
		{C25A1F74-4BCD-42DC-B3B9-0338D5921023}.Debug|Any CPU.ActiveCfg = Debug|Any CPU
		{C25A1F74-4BCD-42DC-B3B9-0338D5921023}.Debug|Any CPU.Build.0 = Debug|Any CPU
		{C25A1F74-4BCD-42DC-B3B9-0338D5921023}.Release|Any CPU.ActiveCfg = Release|Any CPU
		{C25A1F74-4BCD-42DC-B3B9-0338D5921023}.Release|Any CPU.Build.0 = Release|Any CPU
	EndGlobalSection
	GlobalSection(SolutionProperties) = preSolution
		HideSolutionNode = FALSE
	EndGlobalSection
	GlobalSection(ExtensibilityGlobals) = postSolution
		SolutionGuid = {E754BBD0-7C80-48BC-8D01-919746CCA4CC}
	EndGlobalSection
EndGlobal
